
Microsoft Visual Studio Solution File, Format Version 12.00
# Visual Studio Version 16
VisualStudioVersion = 16.0.30128.74
MinimumVisualStudioVersion = 10.0.40219.1
Project("{FAE04EC0-301F-11D3-BF4B-00C04F79EFBC}") = "StudentSIMS", "StudentSIMS\StudentSIMS.csproj", "{D63769A6-CC1A-46FC-B7AE-975B17F4C80F}"
EndProject
Global
	GlobalSection(SolutionConfigurationPlatforms) = preSolution
		Debug|Any CPU = Debug|Any CPU
		Release|Any CPU = Release|Any CPU
	EndGlobalSection
	GlobalSection(ProjectConfigurationPlatforms) = postSolution
		{D63769A6-CC1A-46FC-B7AE-975B17F4C80F}.Debug|Any CPU.ActiveCfg = Debug|Any CPU
		{D63769A6-CC1A-46FC-B7AE-975B17F4C80F}.Debug|Any CPU.Build.0 = Debug|Any CPU
		{D63769A6-CC1A-46FC-B7AE-975B17F4C80F}.Release|Any CPU.ActiveCfg = Release|Any CPU
		{D63769A6-CC1A-46FC-B7AE-975B17F4C80F}.Release|Any CPU.Build.0 = Release|Any CPU
	EndGlobalSection
	GlobalSection(SolutionProperties) = preSolution
		HideSolutionNode = FALSE
	EndGlobalSection
	GlobalSection(ExtensibilityGlobals) = postSolution
		SolutionGuid = {66134264-5997-4A23-BC35-1DC8BE1C3734}
	EndGlobalSection
EndGlobal
